// !$*UTF8*$!
{
	archiveVersion = 1;
	classes = {
	};
	objectVersion = 56;
	objects = {

/* Begin PBXBuildFile section */
		334E2A6B2A8C1C3900EDE207 /* SDWebImageSwiftUI in Frameworks */ = {isa = PBXBuildFile; productRef = 334E2A6A2A8C1C3900EDE207 /* SDWebImageSwiftUI */; };
		33789B632A8A7DBA00EE65C6 /* MySparApp.swift in Sources */ = {isa = PBXBuildFile; fileRef = 33789B622A8A7DBA00EE65C6 /* MySparApp.swift */; };
		33789B652A8A7DBA00EE65C6 /* MainScreenView.swift in Sources */ = {isa = PBXBuildFile; fileRef = 33789B642A8A7DBA00EE65C6 /* MainScreenView.swift */; };
		33789B672A8A7DBB00EE65C6 /* Assets.xcassets in Resources */ = {isa = PBXBuildFile; fileRef = 33789B662A8A7DBB00EE65C6 /* Assets.xcassets */; };
		33789B6A2A8A7DBB00EE65C6 /* Preview Assets.xcassets in Resources */ = {isa = PBXBuildFile; fileRef = 33789B692A8A7DBB00EE65C6 /* Preview Assets.xcassets */; };
		33789B722A8ABE5500EE65C6 /* Model.swift in Sources */ = {isa = PBXBuildFile; fileRef = 33789B712A8ABE5500EE65C6 /* Model.swift */; };
		33789B742A8ABE6200EE65C6 /* ViewModel.swift in Sources */ = {isa = PBXBuildFile; fileRef = 33789B732A8ABE6200EE65C6 /* ViewModel.swift */; };
		33789B792A8AC15300EE65C6 /* FileCache.swift in Sources */ = {isa = PBXBuildFile; fileRef = 33789B782A8AC15300EE65C6 /* FileCache.swift */; };
		33789B7C2A8AC52D00EE65C6 /* SwiftyJSON in Frameworks */ = {isa = PBXBuildFile; productRef = 33789B7B2A8AC52D00EE65C6 /* SwiftyJSON */; };
		33789B822A8AD3C200EE65C6 /* Directions.json in Resources */ = {isa = PBXBuildFile; fileRef = 33789B702A8A7F7E00EE65C6 /* Directions.json */; };
		33789B842A8ADDC100EE65C6 /* Images.swift in Sources */ = {isa = PBXBuildFile; fileRef = 33789B832A8ADDC000EE65C6 /* Images.swift */; };
		33789B862A8AE25E00EE65C6 /* Colors.swift in Sources */ = {isa = PBXBuildFile; fileRef = 33789B852A8AE25E00EE65C6 /* Colors.swift */; };
		33789B892A8BB24500EE65C6 /* ProductCardView.swift in Sources */ = {isa = PBXBuildFile; fileRef = 33789B882A8BB24500EE65C6 /* ProductCardView.swift */; };
		33789B8B2A8BB28200EE65C6 /* Texts.swift in Sources */ = {isa = PBXBuildFile; fileRef = 33789B8A2A8BB28200EE65C6 /* Texts.swift */; };
		33789B8D2A8BB52D00EE65C6 /* TabBarView.swift in Sources */ = {isa = PBXBuildFile; fileRef = 33789B8C2A8BB52D00EE65C6 /* TabBarView.swift */; };
		33789B922A8BB78400EE65C6 /* CatalogScreenView.swift in Sources */ = {isa = PBXBuildFile; fileRef = 33789B912A8BB78400EE65C6 /* CatalogScreenView.swift */; };
		33789B952A8BB7AA00EE65C6 /* CartScreenView.swift in Sources */ = {isa = PBXBuildFile; fileRef = 33789B942A8BB7AA00EE65C6 /* CartScreenView.swift */; };
		33789B982A8BB7DB00EE65C6 /* ProfileScreenView.swift in Sources */ = {isa = PBXBuildFile; fileRef = 33789B972A8BB7DB00EE65C6 /* ProfileScreenView.swift */; };
		33789B9A2A8BF04D00EE65C6 /* RoundedCorner.swift in Sources */ = {isa = PBXBuildFile; fileRef = 33789B992A8BF04D00EE65C6 /* RoundedCorner.swift */; };
/* End PBXBuildFile section */

/* Begin PBXFileReference section */
		33789B5F2A8A7DBA00EE65C6 /* MySpar.app */ = {isa = PBXFileReference; explicitFileType = wrapper.application; includeInIndex = 0; path = MySpar.app; sourceTree = BUILT_PRODUCTS_DIR; };
		33789B622A8A7DBA00EE65C6 /* MySparApp.swift */ = {isa = PBXFileReference; lastKnownFileType = sourcecode.swift; path = MySparApp.swift; sourceTree = "<group>"; };
		33789B642A8A7DBA00EE65C6 /* MainScreenView.swift */ = {isa = PBXFileReference; lastKnownFileType = sourcecode.swift; path = MainScreenView.swift; sourceTree = "<group>"; };
		33789B662A8A7DBB00EE65C6 /* Assets.xcassets */ = {isa = PBXFileReference; lastKnownFileType = folder.assetcatalog; name = Assets.xcassets; path = /Users/aleksandramaslova/Desktop/MySpar/MySpar/Assets/Assets.xcassets; sourceTree = "<absolute>"; };
		33789B692A8A7DBB00EE65C6 /* Preview Assets.xcassets */ = {isa = PBXFileReference; lastKnownFileType = folder.assetcatalog; path = "Preview Assets.xcassets"; sourceTree = "<group>"; };
		33789B702A8A7F7E00EE65C6 /* Directions.json */ = {isa = PBXFileReference; lastKnownFileType = text.json; path = Directions.json; sourceTree = "<group>"; };
		33789B712A8ABE5500EE65C6 /* Model.swift */ = {isa = PBXFileReference; lastKnownFileType = sourcecode.swift; path = Model.swift; sourceTree = "<group>"; };
		33789B732A8ABE6200EE65C6 /* ViewModel.swift */ = {isa = PBXFileReference; lastKnownFileType = sourcecode.swift; path = ViewModel.swift; sourceTree = "<group>"; };
		33789B782A8AC15300EE65C6 /* FileCache.swift */ = {isa = PBXFileReference; lastKnownFileType = sourcecode.swift; path = FileCache.swift; sourceTree = "<group>"; };
		33789B832A8ADDC000EE65C6 /* Images.swift */ = {isa = PBXFileReference; lastKnownFileType = sourcecode.swift; path = Images.swift; sourceTree = "<group>"; };
		33789B852A8AE25E00EE65C6 /* Colors.swift */ = {isa = PBXFileReference; lastKnownFileType = sourcecode.swift; path = Colors.swift; sourceTree = "<group>"; };
		33789B882A8BB24500EE65C6 /* ProductCardView.swift */ = {isa = PBXFileReference; lastKnownFileType = sourcecode.swift; path = ProductCardView.swift; sourceTree = "<group>"; };
		33789B8A2A8BB28200EE65C6 /* Texts.swift */ = {isa = PBXFileReference; lastKnownFileType = sourcecode.swift; path = Texts.swift; sourceTree = "<group>"; };
		33789B8C2A8BB52D00EE65C6 /* TabBarView.swift */ = {isa = PBXFileReference; lastKnownFileType = sourcecode.swift; path = TabBarView.swift; sourceTree = "<group>"; };
		33789B912A8BB78400EE65C6 /* CatalogScreenView.swift */ = {isa = PBXFileReference; lastKnownFileType = sourcecode.swift; path = CatalogScreenView.swift; sourceTree = "<group>"; };
		33789B942A8BB7AA00EE65C6 /* CartScreenView.swift */ = {isa = PBXFileReference; lastKnownFileType = sourcecode.swift; path = CartScreenView.swift; sourceTree = "<group>"; };
		33789B972A8BB7DB00EE65C6 /* ProfileScreenView.swift */ = {isa = PBXFileReference; lastKnownFileType = sourcecode.swift; path = ProfileScreenView.swift; sourceTree = "<group>"; };
		33789B992A8BF04D00EE65C6 /* RoundedCorner.swift */ = {isa = PBXFileReference; lastKnownFileType = sourcecode.swift; path = RoundedCorner.swift; sourceTree = "<group>"; };
/* End PBXFileReference section */

/* Begin PBXFrameworksBuildPhase section */
		33789B5C2A8A7DBA00EE65C6 /* Frameworks */ = {
			isa = PBXFrameworksBuildPhase;
			buildActionMask = 2147483647;
			files = (
				334E2A6B2A8C1C3900EDE207 /* SDWebImageSwiftUI in Frameworks */,
				33789B7C2A8AC52D00EE65C6 /* SwiftyJSON in Frameworks */,
			);
			runOnlyForDeploymentPostprocessing = 0;
		};
/* End PBXFrameworksBuildPhase section */

/* Begin PBXGroup section */
		33789B562A8A7DBA00EE65C6 = {
			isa = PBXGroup;
			children = (
				33789B612A8A7DBA00EE65C6 /* MySpar */,
				33789B602A8A7DBA00EE65C6 /* Products */,
			);
			sourceTree = "<group>";
		};
		33789B602A8A7DBA00EE65C6 /* Products */ = {
			isa = PBXGroup;
			children = (
				33789B5F2A8A7DBA00EE65C6 /* MySpar.app */,
			);
			name = Products;
			sourceTree = "<group>";
		};
		33789B612A8A7DBA00EE65C6 /* MySpar */ = {
			isa = PBXGroup;
			children = (
				33789B622A8A7DBA00EE65C6 /* MySparApp.swift */,
				33789B752A8ABE9600EE65C6 /* MVVM */,
				33789B762A8ABEA500EE65C6 /* Services */,
				33789B772A8ABEC300EE65C6 /* Assets */,
				33789B682A8A7DBB00EE65C6 /* Preview Content */,
				33789B702A8A7F7E00EE65C6 /* Directions.json */,
			);
			path = MySpar;
			sourceTree = "<group>";
		};
		33789B682A8A7DBB00EE65C6 /* Preview Content */ = {
			isa = PBXGroup;
			children = (
				33789B692A8A7DBB00EE65C6 /* Preview Assets.xcassets */,
			);
			path = "Preview Content";
			sourceTree = "<group>";
		};
		33789B752A8ABE9600EE65C6 /* MVVM */ = {
			isa = PBXGroup;
			children = (
				33789B712A8ABE5500EE65C6 /* Model.swift */,
				33789B732A8ABE6200EE65C6 /* ViewModel.swift */,
				33789B872A8BB22500EE65C6 /* View */,
			);
			path = MVVM;
			sourceTree = "<group>";
		};
		33789B762A8ABEA500EE65C6 /* Services */ = {
			isa = PBXGroup;
			children = (
				33789B782A8AC15300EE65C6 /* FileCache.swift */,
			);
			path = Services;
			sourceTree = "<group>";
		};
		33789B772A8ABEC300EE65C6 /* Assets */ = {
			isa = PBXGroup;
			children = (
				33789B662A8A7DBB00EE65C6 /* Assets.xcassets */,
				33789B832A8ADDC000EE65C6 /* Images.swift */,
				33789B852A8AE25E00EE65C6 /* Colors.swift */,
				33789B8A2A8BB28200EE65C6 /* Texts.swift */,
				33789B992A8BF04D00EE65C6 /* RoundedCorner.swift */,
			);
			path = Assets;
			sourceTree = "<group>";
		};
		33789B872A8BB22500EE65C6 /* View */ = {
			isa = PBXGroup;
			children = (
				33789B8C2A8BB52D00EE65C6 /* TabBarView.swift */,
				33789B8E2A8BB74200EE65C6 /* SubViews */,
			);
			path = View;
			sourceTree = "<group>";
		};
		33789B8E2A8BB74200EE65C6 /* SubViews */ = {
			isa = PBXGroup;
			children = (
				33789B8F2A8BB76100EE65C6 /* MainScreen */,
				33789B902A8BB76C00EE65C6 /* CatalogScreen */,
				33789B932A8BB79000EE65C6 /* CartScreen */,
				33789B962A8BB7C700EE65C6 /* ProfileScreen */,
			);
			path = SubViews;
			sourceTree = "<group>";
		};
		33789B8F2A8BB76100EE65C6 /* MainScreen */ = {
			isa = PBXGroup;
			children = (
				33789B642A8A7DBA00EE65C6 /* MainScreenView.swift */,
				33789B882A8BB24500EE65C6 /* ProductCardView.swift */,
			);
			path = MainScreen;
			sourceTree = "<group>";
		};
		33789B902A8BB76C00EE65C6 /* CatalogScreen */ = {
			isa = PBXGroup;
			children = (
				33789B912A8BB78400EE65C6 /* CatalogScreenView.swift */,
			);
			path = CatalogScreen;
			sourceTree = "<group>";
		};
		33789B932A8BB79000EE65C6 /* CartScreen */ = {
			isa = PBXGroup;
			children = (
				33789B942A8BB7AA00EE65C6 /* CartScreenView.swift */,
			);
			path = CartScreen;
			sourceTree = "<group>";
		};
		33789B962A8BB7C700EE65C6 /* ProfileScreen */ = {
			isa = PBXGroup;
			children = (
				33789B972A8BB7DB00EE65C6 /* ProfileScreenView.swift */,
			);
			path = ProfileScreen;
			sourceTree = "<group>";
		};
/* End PBXGroup section */

/* Begin PBXNativeTarget section */
		33789B5E2A8A7DBA00EE65C6 /* MySpar */ = {
			isa = PBXNativeTarget;
			buildConfigurationList = 33789B6D2A8A7DBB00EE65C6 /* Build configuration list for PBXNativeTarget "MySpar" */;
			buildPhases = (
				33789B5B2A8A7DBA00EE65C6 /* Sources */,
				33789B5C2A8A7DBA00EE65C6 /* Frameworks */,
				33789B5D2A8A7DBA00EE65C6 /* Resources */,
			);
			buildRules = (
			);
			dependencies = (
			);
			name = MySpar;
			packageProductDependencies = (
				33789B7B2A8AC52D00EE65C6 /* SwiftyJSON */,
				334E2A6A2A8C1C3900EDE207 /* SDWebImageSwiftUI */,
			);
			productName = MySpar;
			productReference = 33789B5F2A8A7DBA00EE65C6 /* MySpar.app */;
			productType = "com.apple.product-type.application";
		};
/* End PBXNativeTarget section */

/* Begin PBXProject section */
		33789B572A8A7DBA00EE65C6 /* Project object */ = {
			isa = PBXProject;
			attributes = {
				BuildIndependentTargetsInParallel = 1;
				LastSwiftUpdateCheck = 1430;
				LastUpgradeCheck = 1430;
				TargetAttributes = {
					33789B5E2A8A7DBA00EE65C6 = {
						CreatedOnToolsVersion = 14.3.1;
					};
				};
			};
			buildConfigurationList = 33789B5A2A8A7DBA00EE65C6 /* Build configuration list for PBXProject "MySpar" */;
			compatibilityVersion = "Xcode 14.0";
			developmentRegion = en;
			hasScannedForEncodings = 0;
			knownRegions = (
				en,
				Base,
			);
			mainGroup = 33789B562A8A7DBA00EE65C6;
			packageReferences = (
				33789B7A2A8AC52D00EE65C6 /* XCRemoteSwiftPackageReference "SwiftyJSON" */,
				334E2A692A8C1C3900EDE207 /* XCRemoteSwiftPackageReference "SDWebImageSwiftUI" */,
			);
			productRefGroup = 33789B602A8A7DBA00EE65C6 /* Products */;
			projectDirPath = "";
			projectRoot = "";
			targets = (
				33789B5E2A8A7DBA00EE65C6 /* MySpar */,
			);
		};
/* End PBXProject section */

/* Begin PBXResourcesBuildPhase section */
		33789B5D2A8A7DBA00EE65C6 /* Resources */ = {
			isa = PBXResourcesBuildPhase;
			buildActionMask = 2147483647;
			files = (
				33789B6A2A8A7DBB00EE65C6 /* Preview Assets.xcassets in Resources */,
				33789B672A8A7DBB00EE65C6 /* Assets.xcassets in Resources */,
				33789B822A8AD3C200EE65C6 /* Directions.json in Resources */,
			);
			runOnlyForDeploymentPostprocessing = 0;
		};
/* End PBXResourcesBuildPhase section */

/* Begin PBXSourcesBuildPhase section */
		33789B5B2A8A7DBA00EE65C6 /* Sources */ = {
			isa = PBXSourcesBuildPhase;
			buildActionMask = 2147483647;
			files = (
				33789B8D2A8BB52D00EE65C6 /* TabBarView.swift in Sources */,
				33789B722A8ABE5500EE65C6 /* Model.swift in Sources */,
				33789B922A8BB78400EE65C6 /* CatalogScreenView.swift in Sources */,
				33789B842A8ADDC100EE65C6 /* Images.swift in Sources */,
				33789B982A8BB7DB00EE65C6 /* ProfileScreenView.swift in Sources */,
				33789B652A8A7DBA00EE65C6 /* MainScreenView.swift in Sources */,
				33789B9A2A8BF04D00EE65C6 /* RoundedCorner.swift in Sources */,
				33789B8B2A8BB28200EE65C6 /* Texts.swift in Sources */,
				33789B862A8AE25E00EE65C6 /* Colors.swift in Sources */,
				33789B742A8ABE6200EE65C6 /* ViewModel.swift in Sources */,
				33789B792A8AC15300EE65C6 /* FileCache.swift in Sources */,
				33789B952A8BB7AA00EE65C6 /* CartScreenView.swift in Sources */,
				33789B892A8BB24500EE65C6 /* ProductCardView.swift in Sources */,
				33789B632A8A7DBA00EE65C6 /* MySparApp.swift in Sources */,
			);
			runOnlyForDeploymentPostprocessing = 0;
		};
/* End PBXSourcesBuildPhase section */

/* Begin XCBuildConfiguration section */
		33789B6B2A8A7DBB00EE65C6 /* Debug */ = {
			isa = XCBuildConfiguration;
			buildSettings = {
				ALWAYS_SEARCH_USER_PATHS = NO;
				CLANG_ANALYZER_NONNULL = YES;
				CLANG_ANALYZER_NUMBER_OBJECT_CONVERSION = YES_AGGRESSIVE;
				CLANG_CXX_LANGUAGE_STANDARD = "gnu++20";
				CLANG_ENABLE_MODULES = YES;
				CLANG_ENABLE_OBJC_ARC = YES;
				CLANG_ENABLE_OBJC_WEAK = YES;
				CLANG_WARN_BLOCK_CAPTURE_AUTORELEASING = YES;
				CLANG_WARN_BOOL_CONVERSION = YES;
				CLANG_WARN_COMMA = YES;
				CLANG_WARN_CONSTANT_CONVERSION = YES;
				CLANG_WARN_DEPRECATED_OBJC_IMPLEMENTATIONS = YES;
				CLANG_WARN_DIRECT_OBJC_ISA_USAGE = YES_ERROR;
				CLANG_WARN_DOCUMENTATION_COMMENTS = YES;
				CLANG_WARN_EMPTY_BODY = YES;
				CLANG_WARN_ENUM_CONVERSION = YES;
				CLANG_WARN_INFINITE_RECURSION = YES;
				CLANG_WARN_INT_CONVERSION = YES;
				CLANG_WARN_NON_LITERAL_NULL_CONVERSION = YES;
				CLANG_WARN_OBJC_IMPLICIT_RETAIN_SELF = YES;
				CLANG_WARN_OBJC_LITERAL_CONVERSION = YES;
				CLANG_WARN_OBJC_ROOT_CLASS = YES_ERROR;
				CLANG_WARN_QUOTED_INCLUDE_IN_FRAMEWORK_HEADER = YES;
				CLANG_WARN_RANGE_LOOP_ANALYSIS = YES;
				CLANG_WARN_STRICT_PROTOTYPES = YES;
				CLANG_WARN_SUSPICIOUS_MOVE = YES;
				CLANG_WARN_UNGUARDED_AVAILABILITY = YES_AGGRESSIVE;
				CLANG_WARN_UNREACHABLE_CODE = YES;
				CLANG_WARN__DUPLICATE_METHOD_MATCH = YES;
				COPY_PHASE_STRIP = NO;
				DEBUG_INFORMATION_FORMAT = dwarf;
				ENABLE_STRICT_OBJC_MSGSEND = YES;
				ENABLE_TESTABILITY = YES;
				GCC_C_LANGUAGE_STANDARD = gnu11;
				GCC_DYNAMIC_NO_PIC = NO;
				GCC_NO_COMMON_BLOCKS = YES;
				GCC_OPTIMIZATION_LEVEL = 0;
				GCC_PREPROCESSOR_DEFINITIONS = (
					"DEBUG=1",
					"$(inherited)",
				);
				GCC_WARN_64_TO_32_BIT_CONVERSION = YES;
				GCC_WARN_ABOUT_RETURN_TYPE = YES_ERROR;
				GCC_WARN_UNDECLARED_SELECTOR = YES;
				GCC_WARN_UNINITIALIZED_AUTOS = YES_AGGRESSIVE;
				GCC_WARN_UNUSED_FUNCTION = YES;
				GCC_WARN_UNUSED_VARIABLE = YES;
				IPHONEOS_DEPLOYMENT_TARGET = 16.4;
				MTL_ENABLE_DEBUG_INFO = INCLUDE_SOURCE;
				MTL_FAST_MATH = YES;
				ONLY_ACTIVE_ARCH = YES;
				SDKROOT = iphoneos;
				SWIFT_ACTIVE_COMPILATION_CONDITIONS = DEBUG;
				SWIFT_OPTIMIZATION_LEVEL = "-Onone";
			};
			name = Debug;
		};
		33789B6C2A8A7DBB00EE65C6 /* Release */ = {
			isa = XCBuildConfiguration;
			buildSettings = {
				ALWAYS_SEARCH_USER_PATHS = NO;
				CLANG_ANALYZER_NONNULL = YES;
				CLANG_ANALYZER_NUMBER_OBJECT_CONVERSION = YES_AGGRESSIVE;
				CLANG_CXX_LANGUAGE_STANDARD = "gnu++20";
				CLANG_ENABLE_MODULES = YES;
				CLANG_ENABLE_OBJC_ARC = YES;
				CLANG_ENABLE_OBJC_WEAK = YES;
				CLANG_WARN_BLOCK_CAPTURE_AUTORELEASING = YES;
				CLANG_WARN_BOOL_CONVERSION = YES;
				CLANG_WARN_COMMA = YES;
				CLANG_WARN_CONSTANT_CONVERSION = YES;
				CLANG_WARN_DEPRECATED_OBJC_IMPLEMENTATIONS = YES;
				CLANG_WARN_DIRECT_OBJC_ISA_USAGE = YES_ERROR;
				CLANG_WARN_DOCUMENTATION_COMMENTS = YES;
				CLANG_WARN_EMPTY_BODY = YES;
				CLANG_WARN_ENUM_CONVERSION = YES;
				CLANG_WARN_INFINITE_RECURSION = YES;
				CLANG_WARN_INT_CONVERSION = YES;
				CLANG_WARN_NON_LITERAL_NULL_CONVERSION = YES;
				CLANG_WARN_OBJC_IMPLICIT_RETAIN_SELF = YES;
				CLANG_WARN_OBJC_LITERAL_CONVERSION = YES;
				CLANG_WARN_OBJC_ROOT_CLASS = YES_ERROR;
				CLANG_WARN_QUOTED_INCLUDE_IN_FRAMEWORK_HEADER = YES;
				CLANG_WARN_RANGE_LOOP_ANALYSIS = YES;
				CLANG_WARN_STRICT_PROTOTYPES = YES;
				CLANG_WARN_SUSPICIOUS_MOVE = YES;
				CLANG_WARN_UNGUARDED_AVAILABILITY = YES_AGGRESSIVE;
				CLANG_WARN_UNREACHABLE_CODE = YES;
				CLANG_WARN__DUPLICATE_METHOD_MATCH = YES;
				COPY_PHASE_STRIP = NO;
				DEBUG_INFORMATION_FORMAT = "dwarf-with-dsym";
				ENABLE_NS_ASSERTIONS = NO;
				ENABLE_STRICT_OBJC_MSGSEND = YES;
				GCC_C_LANGUAGE_STANDARD = gnu11;
				GCC_NO_COMMON_BLOCKS = YES;
				GCC_WARN_64_TO_32_BIT_CONVERSION = YES;
				GCC_WARN_ABOUT_RETURN_TYPE = YES_ERROR;
				GCC_WARN_UNDECLARED_SELECTOR = YES;
				GCC_WARN_UNINITIALIZED_AUTOS = YES_AGGRESSIVE;
				GCC_WARN_UNUSED_FUNCTION = YES;
				GCC_WARN_UNUSED_VARIABLE = YES;
				IPHONEOS_DEPLOYMENT_TARGET = 16.4;
				MTL_ENABLE_DEBUG_INFO = NO;
				MTL_FAST_MATH = YES;
				SDKROOT = iphoneos;
				SWIFT_COMPILATION_MODE = wholemodule;
				SWIFT_OPTIMIZATION_LEVEL = "-O";
				VALIDATE_PRODUCT = YES;
			};
			name = Release;
		};
		33789B6E2A8A7DBB00EE65C6 /* Debug */ = {
			isa = XCBuildConfiguration;
			buildSettings = {
				ASSETCATALOG_COMPILER_APPICON_NAME = AppIcon;
				ASSETCATALOG_COMPILER_GLOBAL_ACCENT_COLOR_NAME = AccentColor;
				CODE_SIGN_STYLE = Automatic;
				CURRENT_PROJECT_VERSION = 1;
				DEVELOPMENT_ASSET_PATHS = "\"MySpar/Preview Content\"";
				DEVELOPMENT_TEAM = C9GRWZY5P5;
				ENABLE_PREVIEWS = YES;
				GENERATE_INFOPLIST_FILE = YES;
				INFOPLIST_KEY_UIApplicationSceneManifest_Generation = YES;
				INFOPLIST_KEY_UIApplicationSupportsIndirectInputEvents = YES;
				INFOPLIST_KEY_UILaunchScreen_Generation = YES;
				INFOPLIST_KEY_UISupportedInterfaceOrientations = UIInterfaceOrientationPortrait;
				IPHONEOS_DEPLOYMENT_TARGET = 14.1;
				LD_RUNPATH_SEARCH_PATHS = (
					"$(inherited)",
					"@executable_path/Frameworks",
				);
				MARKETING_VERSION = 1.0;
				PRODUCT_BUNDLE_IDENTIFIER = Alexandra.MySpar;
				PRODUCT_NAME = "$(TARGET_NAME)";
				SUPPORTED_PLATFORMS = "iphoneos iphonesimulator";
				SUPPORTS_MACCATALYST = NO;
				SUPPORTS_MAC_DESIGNED_FOR_IPHONE_IPAD = NO;
				SWIFT_EMIT_LOC_STRINGS = YES;
				SWIFT_VERSION = 5.0;
				TARGETED_DEVICE_FAMILY = 1;
			};
			name = Debug;
		};
		33789B6F2A8A7DBB00EE65C6 /* Release */ = {
			isa = XCBuildConfiguration;
			buildSettings = {
				ASSETCATALOG_COMPILER_APPICON_NAME = AppIcon;
				ASSETCATALOG_COMPILER_GLOBAL_ACCENT_COLOR_NAME = AccentColor;
				CODE_SIGN_STYLE = Automatic;
				CURRENT_PROJECT_VERSION = 1;
				DEVELOPMENT_ASSET_PATHS = "\"MySpar/Preview Content\"";
				DEVELOPMENT_TEAM = C9GRWZY5P5;
				ENABLE_PREVIEWS = YES;
				GENERATE_INFOPLIST_FILE = YES;
				INFOPLIST_KEY_UIApplicationSceneManifest_Generation = YES;
				INFOPLIST_KEY_UIApplicationSupportsIndirectInputEvents = YES;
				INFOPLIST_KEY_UILaunchScreen_Generation = YES;
				INFOPLIST_KEY_UISupportedInterfaceOrientations = UIInterfaceOrientationPortrait;
				IPHONEOS_DEPLOYMENT_TARGET = 14.1;
				LD_RUNPATH_SEARCH_PATHS = (
					"$(inherited)",
					"@executable_path/Frameworks",
				);
				MARKETING_VERSION = 1.0;
				PRODUCT_BUNDLE_IDENTIFIER = Alexandra.MySpar;
				PRODUCT_NAME = "$(TARGET_NAME)";
				SUPPORTED_PLATFORMS = "iphoneos iphonesimulator";
				SUPPORTS_MACCATALYST = NO;
				SUPPORTS_MAC_DESIGNED_FOR_IPHONE_IPAD = NO;
				SWIFT_EMIT_LOC_STRINGS = YES;
				SWIFT_VERSION = 5.0;
				TARGETED_DEVICE_FAMILY = 1;
			};
			name = Release;
		};
/* End XCBuildConfiguration section */

/* Begin XCConfigurationList section */
		33789B5A2A8A7DBA00EE65C6 /* Build configuration list for PBXProject "MySpar" */ = {
			isa = XCConfigurationList;
			buildConfigurations = (
				33789B6B2A8A7DBB00EE65C6 /* Debug */,
				33789B6C2A8A7DBB00EE65C6 /* Release */,
			);
			defaultConfigurationIsVisible = 0;
			defaultConfigurationName = Release;
		};
		33789B6D2A8A7DBB00EE65C6 /* Build configuration list for PBXNativeTarget "MySpar" */ = {
			isa = XCConfigurationList;
			buildConfigurations = (
				33789B6E2A8A7DBB00EE65C6 /* Debug */,
				33789B6F2A8A7DBB00EE65C6 /* Release */,
			);
			defaultConfigurationIsVisible = 0;
			defaultConfigurationName = Release;
		};
/* End XCConfigurationList section */

/* Begin XCRemoteSwiftPackageReference section */
		334E2A692A8C1C3900EDE207 /* XCRemoteSwiftPackageReference "SDWebImageSwiftUI" */ = {
			isa = XCRemoteSwiftPackageReference;
			repositoryURL = "https://github.com/SDWebImage/SDWebImageSwiftUI";
			requirement = {
				kind = upToNextMajorVersion;
				minimumVersion = 2.0.0;
			};
		};
		33789B7A2A8AC52D00EE65C6 /* XCRemoteSwiftPackageReference "SwiftyJSON" */ = {
			isa = XCRemoteSwiftPackageReference;
			repositoryURL = "https://github.com/SwiftyJSON/SwiftyJSON.git";
			requirement = {
				kind = upToNextMajorVersion;
				minimumVersion = 5.0.0;
			};
		};
/* End XCRemoteSwiftPackageReference section */

/* Begin XCSwiftPackageProductDependency section */
		334E2A6A2A8C1C3900EDE207 /* SDWebImageSwiftUI */ = {
			isa = XCSwiftPackageProductDependency;
			package = 334E2A692A8C1C3900EDE207 /* XCRemoteSwiftPackageReference "SDWebImageSwiftUI" */;
			productName = SDWebImageSwiftUI;
		};
		33789B7B2A8AC52D00EE65C6 /* SwiftyJSON */ = {
			isa = XCSwiftPackageProductDependency;
			package = 33789B7A2A8AC52D00EE65C6 /* XCRemoteSwiftPackageReference "SwiftyJSON" */;
			productName = SwiftyJSON;
		};
/* End XCSwiftPackageProductDependency section */
	};
	rootObject = 33789B572A8A7DBA00EE65C6 /* Project object */;
}
